// !$*UTF8*$!
{
	archiveVersion = 1;
	classes = {
	};
	objectVersion = 46;
	objects = {

/* Begin PBXBuildFile section */
		265CE9EA1F589B51001823B9 /* LoginViewController.swift in Sources */ = {isa = PBXBuildFile; fileRef = 265CE9E81F589B51001823B9 /* LoginViewController.swift */; };
		265CE9F11F58A296001823B9 /* WWESessionManager.swift in Sources */ = {isa = PBXBuildFile; fileRef = 265CE9F01F58A296001823B9 /* WWESessionManager.swift */; };
		265CE9F51F58AAD7001823B9 /* KeychainPasswordItem.swift in Sources */ = {isa = PBXBuildFile; fileRef = 265CE9F41F58AAD7001823B9 /* KeychainPasswordItem.swift */; };
		26722F941F61A2CF003B641E /* WWEFeed.swift in Sources */ = {isa = PBXBuildFile; fileRef = 26AED4631F5094DF000C9BD7 /* WWEFeed.swift */; };
		26722F951F61A2D5003B641E /* WWEUser.swift in Sources */ = {isa = PBXBuildFile; fileRef = 26722F6A1F59EFD2003B641E /* WWEUser.swift */; };
		26722F961F61A2DB003B641E /* WWEVideoFormat.swift in Sources */ = {isa = PBXBuildFile; fileRef = 26AED44A1F508147000C9BD7 /* WWEVideoFormat.swift */; };
		26722F971F61A2E0003B641E /* WWEVideo.swift in Sources */ = {isa = PBXBuildFile; fileRef = 26AED4471F508124000C9BD7 /* WWEVideo.swift */; };
		26722F981F61A2E9003B641E /* WWEVideoTag.swift in Sources */ = {isa = PBXBuildFile; fileRef = 26AED44D1F508162000C9BD7 /* WWEVideoTag.swift */; };
		26722F991F61A697003B641E /* WWEVideoTest.swift in Sources */ = {isa = PBXBuildFile; fileRef = 26AED4B21F5531FF000C9BD7 /* WWEVideoTest.swift */; };
		26AED4541F508711000C9BD7 /* NetworkManager.swift in Sources */ = {isa = PBXBuildFile; fileRef = 26AED4531F508711000C9BD7 /* NetworkManager.swift */; };
		26AED4571F5088AB000C9BD7 /* WWEDefines.swift in Sources */ = {isa = PBXBuildFile; fileRef = 26AED4561F5088AB000C9BD7 /* WWEDefines.swift */; };
		26AED45A1F5088CC000C9BD7 /* WWEConfiguration.swift in Sources */ = {isa = PBXBuildFile; fileRef = 26AED4591F5088CC000C9BD7 /* WWEConfiguration.swift */; };
		26AED45D1F5090A3000C9BD7 /* DBManager.swift in Sources */ = {isa = PBXBuildFile; fileRef = 26AED45C1F5090A3000C9BD7 /* DBManager.swift */; };
		26AED4611F509334000C9BD7 /* WWEVideoManager.swift in Sources */ = {isa = PBXBuildFile; fileRef = 26AED4601F509334000C9BD7 /* WWEVideoManager.swift */; };
		26AED4691F50961A000C9BD7 /* NetworkService.swift in Sources */ = {isa = PBXBuildFile; fileRef = 26AED4681F50961A000C9BD7 /* NetworkService.swift */; };
		26AED46C1F50A963000C9BD7 /* VideosDataSource.swift in Sources */ = {isa = PBXBuildFile; fileRef = 26AED46B1F50A963000C9BD7 /* VideosDataSource.swift */; };
		26AED46E1F50AA66000C9BD7 /* VideoFeedCollectionViewController.swift in Sources */ = {isa = PBXBuildFile; fileRef = 26AED46D1F50AA66000C9BD7 /* VideoFeedCollectionViewController.swift */; };
		26AED4721F50AEEA000C9BD7 /* wwe-logo.png in Resources */ = {isa = PBXBuildFile; fileRef = 26AED4711F50AEEA000C9BD7 /* wwe-logo.png */; };
		26AED4751F50B004000C9BD7 /* VideoCell.swift in Sources */ = {isa = PBXBuildFile; fileRef = 26AED4741F50B004000C9BD7 /* VideoCell.swift */; };
		26AED4A01F50CFB4000C9BD7 /* LICENSE.txt in Resources */ = {isa = PBXBuildFile; fileRef = 26AED4931F50CFB4000C9BD7 /* LICENSE.txt */; };
		26AED4A11F50CFB4000C9BD7 /* Roboto-Black.ttf in Resources */ = {isa = PBXBuildFile; fileRef = 26AED4941F50CFB4000C9BD7 /* Roboto-Black.ttf */; };
		26AED4A21F50CFB4000C9BD7 /* Roboto-BlackItalic.ttf in Resources */ = {isa = PBXBuildFile; fileRef = 26AED4951F50CFB4000C9BD7 /* Roboto-BlackItalic.ttf */; };
		26AED4A31F50CFB4000C9BD7 /* Roboto-Bold.ttf in Resources */ = {isa = PBXBuildFile; fileRef = 26AED4961F50CFB4000C9BD7 /* Roboto-Bold.ttf */; };
		26AED4A41F50CFB4000C9BD7 /* Roboto-BoldItalic.ttf in Resources */ = {isa = PBXBuildFile; fileRef = 26AED4971F50CFB4000C9BD7 /* Roboto-BoldItalic.ttf */; };
		26AED4A51F50CFB4000C9BD7 /* Roboto-Italic.ttf in Resources */ = {isa = PBXBuildFile; fileRef = 26AED4981F50CFB4000C9BD7 /* Roboto-Italic.ttf */; };
		26AED4A61F50CFB4000C9BD7 /* Roboto-Light.ttf in Resources */ = {isa = PBXBuildFile; fileRef = 26AED4991F50CFB4000C9BD7 /* Roboto-Light.ttf */; };
		26AED4A71F50CFB4000C9BD7 /* Roboto-LightItalic.ttf in Resources */ = {isa = PBXBuildFile; fileRef = 26AED49A1F50CFB4000C9BD7 /* Roboto-LightItalic.ttf */; };
		26AED4A81F50CFB4000C9BD7 /* Roboto-Medium.ttf in Resources */ = {isa = PBXBuildFile; fileRef = 26AED49B1F50CFB4000C9BD7 /* Roboto-Medium.ttf */; };
		26AED4A91F50CFB4000C9BD7 /* Roboto-MediumItalic.ttf in Resources */ = {isa = PBXBuildFile; fileRef = 26AED49C1F50CFB4000C9BD7 /* Roboto-MediumItalic.ttf */; };
		26AED4AA1F50CFB4000C9BD7 /* Roboto-Regular.ttf in Resources */ = {isa = PBXBuildFile; fileRef = 26AED49D1F50CFB4000C9BD7 /* Roboto-Regular.ttf */; };
		26AED4AB1F50CFB4000C9BD7 /* Roboto-Thin.ttf in Resources */ = {isa = PBXBuildFile; fileRef = 26AED49E1F50CFB4000C9BD7 /* Roboto-Thin.ttf */; };
		26AED4AC1F50CFB4000C9BD7 /* Roboto-ThinItalic.ttf in Resources */ = {isa = PBXBuildFile; fileRef = 26AED49F1F50CFB4000C9BD7 /* Roboto-ThinItalic.ttf */; };
		26AED4AE1F54B81E000C9BD7 /* NetworkManagerTest.swift in Sources */ = {isa = PBXBuildFile; fileRef = 26AED4AD1F54B81E000C9BD7 /* NetworkManagerTest.swift */; };
		26AED4B11F550EC5000C9BD7 /* PlayerView.swift in Sources */ = {isa = PBXBuildFile; fileRef = 26AED4B01F550EC5000C9BD7 /* PlayerView.swift */; };
		26AED4B61F553479000C9BD7 /* Video_1.json in Resources */ = {isa = PBXBuildFile; fileRef = 26AED4B41F553479000C9BD7 /* Video_1.json */; };
		26AED4B71F553479000C9BD7 /* Video_2.json in Resources */ = {isa = PBXBuildFile; fileRef = 26AED4B51F553479000C9BD7 /* Video_2.json */; };
		26CFC7E61F4F6DEA00A17AFD /* AppDelegate.swift in Sources */ = {isa = PBXBuildFile; fileRef = 26CFC7E51F4F6DEA00A17AFD /* AppDelegate.swift */; };
		26CFC7EB1F4F6DEA00A17AFD /* Main.storyboard in Resources */ = {isa = PBXBuildFile; fileRef = 26CFC7E91F4F6DEA00A17AFD /* Main.storyboard */; };
		26CFC7ED1F4F6DEA00A17AFD /* Assets.xcassets in Resources */ = {isa = PBXBuildFile; fileRef = 26CFC7EC1F4F6DEA00A17AFD /* Assets.xcassets */; };
		26CFC7F01F4F6DEA00A17AFD /* LaunchScreen.storyboard in Resources */ = {isa = PBXBuildFile; fileRef = 26CFC7EE1F4F6DEA00A17AFD /* LaunchScreen.storyboard */; };
		4CBFD515389BDDF8876CBFF8 /* Pods_WWEMobile_WWEMobileTests.framework in Frameworks */ = {isa = PBXBuildFile; fileRef = 69E1C8464EE401E5E0914053 /* Pods_WWEMobile_WWEMobileTests.framework */; };
		AD7E0FEAC68C911A7119E4E0 /* Pods_WWEMobile.framework in Frameworks */ = {isa = PBXBuildFile; fileRef = 6E18C8CD94DB75B08E007D16 /* Pods_WWEMobile.framework */; };
/* End PBXBuildFile section */

/* Begin PBXContainerItemProxy section */
		26CFC7F71F4F6DEA00A17AFD /* PBXContainerItemProxy */ = {
			isa = PBXContainerItemProxy;
			containerPortal = 26CFC7DA1F4F6DEA00A17AFD /* Project object */;
			proxyType = 1;
			remoteGlobalIDString = 26CFC7E11F4F6DEA00A17AFD;
			remoteInfo = WWEMobile;
		};
/* End PBXContainerItemProxy section */

/* Begin PBXFileReference section */
		265CE9E81F589B51001823B9 /* LoginViewController.swift */ = {isa = PBXFileReference; fileEncoding = 4; lastKnownFileType = sourcecode.swift; name = LoginViewController.swift; path = "Controller/Login Screen/LoginViewController.swift"; sourceTree = "<group>"; };
		265CE9F01F58A296001823B9 /* WWESessionManager.swift */ = {isa = PBXFileReference; fileEncoding = 4; lastKnownFileType = sourcecode.swift; name = WWESessionManager.swift; path = Service/Session/WWESessionManager.swift; sourceTree = "<group>"; };
		265CE9F41F58AAD7001823B9 /* KeychainPasswordItem.swift */ = {isa = PBXFileReference; fileEncoding = 4; lastKnownFileType = sourcecode.swift; name = KeychainPasswordItem.swift; path = "Third Party/Keychain Password Item/KeychainPasswordItem.swift"; sourceTree = "<group>"; };
		26722F6A1F59EFD2003B641E /* WWEUser.swift */ = {isa = PBXFileReference; fileEncoding = 4; lastKnownFileType = sourcecode.swift; name = WWEUser.swift; path = Model/Application/User/WWEUser.swift; sourceTree = "<group>"; };
		26AED4471F508124000C9BD7 /* WWEVideo.swift */ = {isa = PBXFileReference; fileEncoding = 4; lastKnownFileType = sourcecode.swift; name = WWEVideo.swift; path = Model/Application/Video/WWEVideo.swift; sourceTree = "<group>"; };
		26AED44A1F508147000C9BD7 /* WWEVideoFormat.swift */ = {isa = PBXFileReference; fileEncoding = 4; lastKnownFileType = sourcecode.swift; name = WWEVideoFormat.swift; path = Model/Application/Video/WWEVideoFormat.swift; sourceTree = "<group>"; };
		26AED44D1F508162000C9BD7 /* WWEVideoTag.swift */ = {isa = PBXFileReference; fileEncoding = 4; lastKnownFileType = sourcecode.swift; name = WWEVideoTag.swift; path = Model/Application/Video/WWEVideoTag.swift; sourceTree = "<group>"; };
		26AED4531F508711000C9BD7 /* NetworkManager.swift */ = {isa = PBXFileReference; fileEncoding = 4; lastKnownFileType = sourcecode.swift; name = NetworkManager.swift; path = Service/Network/NetworkManager.swift; sourceTree = "<group>"; };
		26AED4561F5088AB000C9BD7 /* WWEDefines.swift */ = {isa = PBXFileReference; fileEncoding = 4; lastKnownFileType = sourcecode.swift; name = WWEDefines.swift; path = Resource/WWEDefines.swift; sourceTree = "<group>"; };
		26AED4591F5088CC000C9BD7 /* WWEConfiguration.swift */ = {isa = PBXFileReference; fileEncoding = 4; lastKnownFileType = sourcecode.swift; name = WWEConfiguration.swift; path = Resource/WWEConfiguration.swift; sourceTree = "<group>"; };
		26AED45C1F5090A3000C9BD7 /* DBManager.swift */ = {isa = PBXFileReference; fileEncoding = 4; lastKnownFileType = sourcecode.swift; name = DBManager.swift; path = Service/DB/DBManager.swift; sourceTree = "<group>"; };
		26AED4601F509334000C9BD7 /* WWEVideoManager.swift */ = {isa = PBXFileReference; fileEncoding = 4; lastKnownFileType = sourcecode.swift; name = WWEVideoManager.swift; path = "Service/Video Manager/WWEVideoManager.swift"; sourceTree = "<group>"; };
		26AED4631F5094DF000C9BD7 /* WWEFeed.swift */ = {isa = PBXFileReference; fileEncoding = 4; lastKnownFileType = sourcecode.swift; name = WWEFeed.swift; path = Model/Application/Feed/WWEFeed.swift; sourceTree = "<group>"; };
		26AED4681F50961A000C9BD7 /* NetworkService.swift */ = {isa = PBXFileReference; fileEncoding = 4; lastKnownFileType = sourcecode.swift; name = NetworkService.swift; path = Service/Network/NetworkService.swift; sourceTree = "<group>"; };
		26AED46B1F50A963000C9BD7 /* VideosDataSource.swift */ = {isa = PBXFileReference; fileEncoding = 4; lastKnownFileType = sourcecode.swift; name = VideosDataSource.swift; path = "Data Source/VideosDataSource.swift"; sourceTree = "<group>"; };
		26AED46D1F50AA66000C9BD7 /* VideoFeedCollectionViewController.swift */ = {isa = PBXFileReference; fileEncoding = 4; lastKnownFileType = sourcecode.swift; name = VideoFeedCollectionViewController.swift; path = "Controller/Video Feed/VideoFeedCollectionViewController.swift"; sourceTree = "<group>"; };
		26AED4711F50AEEA000C9BD7 /* wwe-logo.png */ = {isa = PBXFileReference; lastKnownFileType = image.png; name = "wwe-logo.png"; path = "Resource/wwe-logo.png"; sourceTree = "<group>"; };
		26AED4741F50B004000C9BD7 /* VideoCell.swift */ = {isa = PBXFileReference; fileEncoding = 4; lastKnownFileType = sourcecode.swift; name = VideoCell.swift; path = UI/Cell/VideoCell.swift; sourceTree = "<group>"; };
		26AED4931F50CFB4000C9BD7 /* LICENSE.txt */ = {isa = PBXFileReference; fileEncoding = 4; lastKnownFileType = text; name = LICENSE.txt; path = Resource/Roboto/LICENSE.txt; sourceTree = "<group>"; };
		26AED4941F50CFB4000C9BD7 /* Roboto-Black.ttf */ = {isa = PBXFileReference; lastKnownFileType = file; name = "Roboto-Black.ttf"; path = "Resource/Roboto/Roboto-Black.ttf"; sourceTree = "<group>"; };
		26AED4951F50CFB4000C9BD7 /* Roboto-BlackItalic.ttf */ = {isa = PBXFileReference; lastKnownFileType = file; name = "Roboto-BlackItalic.ttf"; path = "Resource/Roboto/Roboto-BlackItalic.ttf"; sourceTree = "<group>"; };
		26AED4961F50CFB4000C9BD7 /* Roboto-Bold.ttf */ = {isa = PBXFileReference; lastKnownFileType = file; name = "Roboto-Bold.ttf"; path = "Resource/Roboto/Roboto-Bold.ttf"; sourceTree = "<group>"; };
		26AED4971F50CFB4000C9BD7 /* Roboto-BoldItalic.ttf */ = {isa = PBXFileReference; lastKnownFileType = file; name = "Roboto-BoldItalic.ttf"; path = "Resource/Roboto/Roboto-BoldItalic.ttf"; sourceTree = "<group>"; };
		26AED4981F50CFB4000C9BD7 /* Roboto-Italic.ttf */ = {isa = PBXFileReference; lastKnownFileType = file; name = "Roboto-Italic.ttf"; path = "Resource/Roboto/Roboto-Italic.ttf"; sourceTree = "<group>"; };
		26AED4991F50CFB4000C9BD7 /* Roboto-Light.ttf */ = {isa = PBXFileReference; lastKnownFileType = file; name = "Roboto-Light.ttf"; path = "Resource/Roboto/Roboto-Light.ttf"; sourceTree = "<group>"; };
		26AED49A1F50CFB4000C9BD7 /* Roboto-LightItalic.ttf */ = {isa = PBXFileReference; lastKnownFileType = file; name = "Roboto-LightItalic.ttf"; path = "Resource/Roboto/Roboto-LightItalic.ttf"; sourceTree = "<group>"; };
		26AED49B1F50CFB4000C9BD7 /* Roboto-Medium.ttf */ = {isa = PBXFileReference; lastKnownFileType = file; name = "Roboto-Medium.ttf"; path = "Resource/Roboto/Roboto-Medium.ttf"; sourceTree = "<group>"; };
		26AED49C1F50CFB4000C9BD7 /* Roboto-MediumItalic.ttf */ = {isa = PBXFileReference; lastKnownFileType = file; name = "Roboto-MediumItalic.ttf"; path = "Resource/Roboto/Roboto-MediumItalic.ttf"; sourceTree = "<group>"; };
		26AED49D1F50CFB4000C9BD7 /* Roboto-Regular.ttf */ = {isa = PBXFileReference; lastKnownFileType = file; name = "Roboto-Regular.ttf"; path = "Resource/Roboto/Roboto-Regular.ttf"; sourceTree = "<group>"; };
		26AED49E1F50CFB4000C9BD7 /* Roboto-Thin.ttf */ = {isa = PBXFileReference; lastKnownFileType = file; name = "Roboto-Thin.ttf"; path = "Resource/Roboto/Roboto-Thin.ttf"; sourceTree = "<group>"; };
		26AED49F1F50CFB4000C9BD7 /* Roboto-ThinItalic.ttf */ = {isa = PBXFileReference; lastKnownFileType = file; name = "Roboto-ThinItalic.ttf"; path = "Resource/Roboto/Roboto-ThinItalic.ttf"; sourceTree = "<group>"; };
		26AED4AD1F54B81E000C9BD7 /* NetworkManagerTest.swift */ = {isa = PBXFileReference; fileEncoding = 4; lastKnownFileType = sourcecode.swift; path = NetworkManagerTest.swift; sourceTree = "<group>"; };
		26AED4B01F550EC5000C9BD7 /* PlayerView.swift */ = {isa = PBXFileReference; fileEncoding = 4; lastKnownFileType = sourcecode.swift; name = PlayerView.swift; path = UI/Player/PlayerView.swift; sourceTree = "<group>"; };
		26AED4B21F5531FF000C9BD7 /* WWEVideoTest.swift */ = {isa = PBXFileReference; fileEncoding = 4; lastKnownFileType = sourcecode.swift; path = WWEVideoTest.swift; sourceTree = "<group>"; };
		26AED4B41F553479000C9BD7 /* Video_1.json */ = {isa = PBXFileReference; fileEncoding = 4; lastKnownFileType = text.json; path = Video_1.json; sourceTree = "<group>"; };
		26AED4B51F553479000C9BD7 /* Video_2.json */ = {isa = PBXFileReference; fileEncoding = 4; lastKnownFileType = text.json; path = Video_2.json; sourceTree = "<group>"; };
		26CFC7E21F4F6DEA00A17AFD /* WWEMobile.app */ = {isa = PBXFileReference; explicitFileType = wrapper.application; includeInIndex = 0; path = WWEMobile.app; sourceTree = BUILT_PRODUCTS_DIR; };
		26CFC7E51F4F6DEA00A17AFD /* AppDelegate.swift */ = {isa = PBXFileReference; lastKnownFileType = sourcecode.swift; path = AppDelegate.swift; sourceTree = "<group>"; };
		26CFC7EA1F4F6DEA00A17AFD /* Base */ = {isa = PBXFileReference; lastKnownFileType = file.storyboard; name = Base; path = Base.lproj/Main.storyboard; sourceTree = "<group>"; };
		26CFC7EC1F4F6DEA00A17AFD /* Assets.xcassets */ = {isa = PBXFileReference; lastKnownFileType = folder.assetcatalog; name = Assets.xcassets; path = Resource/Assets.xcassets; sourceTree = "<group>"; };
		26CFC7EF1F4F6DEA00A17AFD /* Base */ = {isa = PBXFileReference; lastKnownFileType = file.storyboard; name = Base; path = Base.lproj/LaunchScreen.storyboard; sourceTree = "<group>"; };
		26CFC7F11F4F6DEA00A17AFD /* Info.plist */ = {isa = PBXFileReference; lastKnownFileType = text.plist.xml; path = Info.plist; sourceTree = "<group>"; };
		26CFC7F61F4F6DEA00A17AFD /* WWEMobileTests.xctest */ = {isa = PBXFileReference; explicitFileType = wrapper.cfbundle; includeInIndex = 0; path = WWEMobileTests.xctest; sourceTree = BUILT_PRODUCTS_DIR; };
		26CFC7FC1F4F6DEA00A17AFD /* Info.plist */ = {isa = PBXFileReference; lastKnownFileType = text.plist.xml; path = Info.plist; sourceTree = "<group>"; };
		4307E4B0A0F25489A95A7821 /* Pods-WWEMobile-WWEMobileTests.release.xcconfig */ = {isa = PBXFileReference; includeInIndex = 1; lastKnownFileType = text.xcconfig; name = "Pods-WWEMobile-WWEMobileTests.release.xcconfig"; path = "Pods/Target Support Files/Pods-WWEMobile-WWEMobileTests/Pods-WWEMobile-WWEMobileTests.release.xcconfig"; sourceTree = "<group>"; };
		69E1C8464EE401E5E0914053 /* Pods_WWEMobile_WWEMobileTests.framework */ = {isa = PBXFileReference; explicitFileType = wrapper.framework; includeInIndex = 0; path = Pods_WWEMobile_WWEMobileTests.framework; sourceTree = BUILT_PRODUCTS_DIR; };
		6E18C8CD94DB75B08E007D16 /* Pods_WWEMobile.framework */ = {isa = PBXFileReference; explicitFileType = wrapper.framework; includeInIndex = 0; path = Pods_WWEMobile.framework; sourceTree = BUILT_PRODUCTS_DIR; };
		BDB94A2C1FB4F5D3935FF285 /* Pods-WWEMobile.debug.xcconfig */ = {isa = PBXFileReference; includeInIndex = 1; lastKnownFileType = text.xcconfig; name = "Pods-WWEMobile.debug.xcconfig"; path = "Pods/Target Support Files/Pods-WWEMobile/Pods-WWEMobile.debug.xcconfig"; sourceTree = "<group>"; };
		C872BCFE96D86B1E35C2D387 /* Pods-WWEMobile.release.xcconfig */ = {isa = PBXFileReference; includeInIndex = 1; lastKnownFileType = text.xcconfig; name = "Pods-WWEMobile.release.xcconfig"; path = "Pods/Target Support Files/Pods-WWEMobile/Pods-WWEMobile.release.xcconfig"; sourceTree = "<group>"; };
		F3E694B80A9B1722A73EE9EA /* Pods-WWEMobile-WWEMobileTests.debug.xcconfig */ = {isa = PBXFileReference; includeInIndex = 1; lastKnownFileType = text.xcconfig; name = "Pods-WWEMobile-WWEMobileTests.debug.xcconfig"; path = "Pods/Target Support Files/Pods-WWEMobile-WWEMobileTests/Pods-WWEMobile-WWEMobileTests.debug.xcconfig"; sourceTree = "<group>"; };
/* End PBXFileReference section */

/* Begin PBXFrameworksBuildPhase section */
		26CFC7DF1F4F6DEA00A17AFD /* Frameworks */ = {
			isa = PBXFrameworksBuildPhase;
			buildActionMask = 2147483647;
			files = (
				AD7E0FEAC68C911A7119E4E0 /* Pods_WWEMobile.framework in Frameworks */,
			);
			runOnlyForDeploymentPostprocessing = 0;
		};
		26CFC7F31F4F6DEA00A17AFD /* Frameworks */ = {
			isa = PBXFrameworksBuildPhase;
			buildActionMask = 2147483647;
			files = (
				4CBFD515389BDDF8876CBFF8 /* Pods_WWEMobile_WWEMobileTests.framework in Frameworks */,
			);
			runOnlyForDeploymentPostprocessing = 0;
		};
/* End PBXFrameworksBuildPhase section */

/* Begin PBXGroup section */
		265CE9E61F589B18001823B9 /* Video Feed */ = {
			isa = PBXGroup;
			children = (
				26AED46D1F50AA66000C9BD7 /* VideoFeedCollectionViewController.swift */,
			);
			name = "Video Feed";
			sourceTree = "<group>";
		};
		265CE9E71F589B1F001823B9 /* Login Screen */ = {
			isa = PBXGroup;
			children = (
				265CE9E81F589B51001823B9 /* LoginViewController.swift */,
			);
			name = "Login Screen";
			sourceTree = "<group>";
		};
		265CE9EF1F58A250001823B9 /* Session */ = {
			isa = PBXGroup;
			children = (
				265CE9F01F58A296001823B9 /* WWESessionManager.swift */,
			);
			name = Session;
			sourceTree = "<group>";
		};
		265CE9F21F58A821001823B9 /* Third Party */ = {
			isa = PBXGroup;
			children = (
				265CE9F31F58A831001823B9 /* Keychain Password Item */,
			);
			name = "Third Party";
			sourceTree = "<group>";
		};
		265CE9F31F58A831001823B9 /* Keychain Password Item */ = {
			isa = PBXGroup;
			children = (
				265CE9F41F58AAD7001823B9 /* KeychainPasswordItem.swift */,
			);
			name = "Keychain Password Item";
			sourceTree = "<group>";
		};
		26722F651F59C116003B641E /* Feed */ = {
			isa = PBXGroup;
			children = (
				26AED4631F5094DF000C9BD7 /* WWEFeed.swift */,
			);
			name = Feed;
			sourceTree = "<group>";
		};
		26722F661F59C12B003B641E /* Video */ = {
			isa = PBXGroup;
			children = (
				26AED44A1F508147000C9BD7 /* WWEVideoFormat.swift */,
				26AED4471F508124000C9BD7 /* WWEVideo.swift */,
				26AED44D1F508162000C9BD7 /* WWEVideoTag.swift */,
			);
			name = Video;
			sourceTree = "<group>";
		};
		26722F691F59EFB5003B641E /* User */ = {
			isa = PBXGroup;
			children = (
				26722F6A1F59EFD2003B641E /* WWEUser.swift */,
			);
			name = User;
			sourceTree = "<group>";
		};
		26722F6D1F5D9E37003B641E /* Application */ = {
			isa = PBXGroup;
			children = (
				26722F651F59C116003B641E /* Feed */,
				26722F691F59EFB5003B641E /* User */,
				26722F661F59C12B003B641E /* Video */,
			);
			name = Application;
			sourceTree = "<group>";
		};
		26AED4431F507F2B000C9BD7 /* Models */ = {
			isa = PBXGroup;
			children = (
				26722F6D1F5D9E37003B641E /* Application */,
			);
			name = Models;
			sourceTree = "<group>";
		};
		26AED4441F507F30000C9BD7 /* Controllers */ = {
			isa = PBXGroup;
			children = (
				265CE9E71F589B1F001823B9 /* Login Screen */,
				265CE9E61F589B18001823B9 /* Video Feed */,
			);
			name = Controllers;
			sourceTree = "<group>";
		};
		26AED4451F507F36000C9BD7 /* UI */ = {
			isa = PBXGroup;
			children = (
				26AED4AF1F550E90000C9BD7 /* Player */,
				26AED4731F50AFD5000C9BD7 /* Cells */,
				26CFC7E91F4F6DEA00A17AFD /* Main.storyboard */,
				26CFC7EE1F4F6DEA00A17AFD /* LaunchScreen.storyboard */,
			);
			name = UI;
			sourceTree = "<group>";
		};
		26AED4461F507F3B000C9BD7 /* Services */ = {
			isa = PBXGroup;
			children = (
				265CE9EF1F58A250001823B9 /* Session */,
				26AED45F1F509301000C9BD7 /* Video */,
				26AED4671F509570000C9BD7 /* Networking */,
				26AED4661F509566000C9BD7 /* DB */,
			);
			name = Services;
			sourceTree = "<group>";
		};
		26AED4501F508169000C9BD7 /* Protocols */ = {
			isa = PBXGroup;
			children = (
			);
			name = Protocols;
			sourceTree = "<group>";
		};
		26AED4511F50817C000C9BD7 /* Data Sources */ = {
			isa = PBXGroup;
			children = (
				26AED46B1F50A963000C9BD7 /* VideosDataSource.swift */,
			);
			name = "Data Sources";
			sourceTree = "<group>";
		};
		26AED4521F5081A2000C9BD7 /* Resources */ = {
			isa = PBXGroup;
			children = (
				26AED4911F50CF97000C9BD7 /* Fonts */,
				26AED4711F50AEEA000C9BD7 /* wwe-logo.png */,
				26CFC7EC1F4F6DEA00A17AFD /* Assets.xcassets */,
				26AED4561F5088AB000C9BD7 /* WWEDefines.swift */,
				26AED4591F5088CC000C9BD7 /* WWEConfiguration.swift */,
			);
			name = Resources;
			sourceTree = "<group>";
		};
		26AED45F1F509301000C9BD7 /* Video */ = {
			isa = PBXGroup;
			children = (
				26AED4601F509334000C9BD7 /* WWEVideoManager.swift */,
			);
			name = Video;
			sourceTree = "<group>";
		};
		26AED4661F509566000C9BD7 /* DB */ = {
			isa = PBXGroup;
			children = (
				26AED45C1F5090A3000C9BD7 /* DBManager.swift */,
			);
			name = DB;
			sourceTree = "<group>";
		};
		26AED4671F509570000C9BD7 /* Networking */ = {
			isa = PBXGroup;
			children = (
				26AED4681F50961A000C9BD7 /* NetworkService.swift */,
				26AED4531F508711000C9BD7 /* NetworkManager.swift */,
			);
			name = Networking;
			sourceTree = "<group>";
		};
		26AED4731F50AFD5000C9BD7 /* Cells */ = {
			isa = PBXGroup;
			children = (
				26AED4741F50B004000C9BD7 /* VideoCell.swift */,
			);
			name = Cells;
			sourceTree = "<group>";
		};
		26AED4911F50CF97000C9BD7 /* Fonts */ = {
			isa = PBXGroup;
			children = (
				26AED4921F50CFA7000C9BD7 /* Roboto */,
			);
			name = Fonts;
			sourceTree = "<group>";
		};
		26AED4921F50CFA7000C9BD7 /* Roboto */ = {
			isa = PBXGroup;
			children = (
				26AED4931F50CFB4000C9BD7 /* LICENSE.txt */,
				26AED4941F50CFB4000C9BD7 /* Roboto-Black.ttf */,
				26AED4951F50CFB4000C9BD7 /* Roboto-BlackItalic.ttf */,
				26AED4961F50CFB4000C9BD7 /* Roboto-Bold.ttf */,
				26AED4971F50CFB4000C9BD7 /* Roboto-BoldItalic.ttf */,
				26AED4981F50CFB4000C9BD7 /* Roboto-Italic.ttf */,
				26AED4991F50CFB4000C9BD7 /* Roboto-Light.ttf */,
				26AED49A1F50CFB4000C9BD7 /* Roboto-LightItalic.ttf */,
				26AED49B1F50CFB4000C9BD7 /* Roboto-Medium.ttf */,
				26AED49C1F50CFB4000C9BD7 /* Roboto-MediumItalic.ttf */,
				26AED49D1F50CFB4000C9BD7 /* Roboto-Regular.ttf */,
				26AED49E1F50CFB4000C9BD7 /* Roboto-Thin.ttf */,
				26AED49F1F50CFB4000C9BD7 /* Roboto-ThinItalic.ttf */,
			);
			name = Roboto;
			sourceTree = "<group>";
		};
		26AED4AF1F550E90000C9BD7 /* Player */ = {
			isa = PBXGroup;
			children = (
				26AED4B01F550EC5000C9BD7 /* PlayerView.swift */,
			);
			name = Player;
			sourceTree = "<group>";
		};
		26CFC7D91F4F6DEA00A17AFD = {
			isa = PBXGroup;
			children = (
				26CFC7E41F4F6DEA00A17AFD /* WWEMobile */,
				26CFC7F91F4F6DEA00A17AFD /* WWEMobileTests */,
				26CFC7E31F4F6DEA00A17AFD /* Products */,
				58A3B1B710839E5E4D338BD1 /* Pods */,
				552EAB85200854F252ADB0BC /* Frameworks */,
			);
			sourceTree = "<group>";
		};
		26CFC7E31F4F6DEA00A17AFD /* Products */ = {
			isa = PBXGroup;
			children = (
				26CFC7E21F4F6DEA00A17AFD /* WWEMobile.app */,
				26CFC7F61F4F6DEA00A17AFD /* WWEMobileTests.xctest */,
			);
			name = Products;
			sourceTree = "<group>";
		};
		26CFC7E41F4F6DEA00A17AFD /* WWEMobile */ = {
			isa = PBXGroup;
			children = (
				26CFC7E51F4F6DEA00A17AFD /* AppDelegate.swift */,
				26CFC7F11F4F6DEA00A17AFD /* Info.plist */,
				26AED4441F507F30000C9BD7 /* Controllers */,
				26AED4511F50817C000C9BD7 /* Data Sources */,
				26AED4431F507F2B000C9BD7 /* Models */,
				26AED4501F508169000C9BD7 /* Protocols */,
				26AED4521F5081A2000C9BD7 /* Resources */,
				26AED4461F507F3B000C9BD7 /* Services */,
				265CE9F21F58A821001823B9 /* Third Party */,
				26AED4451F507F36000C9BD7 /* UI */,
			);
			path = WWEMobile;
			sourceTree = "<group>";
		};
		26CFC7F91F4F6DEA00A17AFD /* WWEMobileTests */ = {
			isa = PBXGroup;
			children = (
				26AED4B41F553479000C9BD7 /* Video_1.json */,
				26AED4B51F553479000C9BD7 /* Video_2.json */,
				26CFC7FC1F4F6DEA00A17AFD /* Info.plist */,
				26AED4AD1F54B81E000C9BD7 /* NetworkManagerTest.swift */,
				26AED4B21F5531FF000C9BD7 /* WWEVideoTest.swift */,
			);
			path = WWEMobileTests;
			sourceTree = "<group>";
		};
		552EAB85200854F252ADB0BC /* Frameworks */ = {
			isa = PBXGroup;
			children = (
				6E18C8CD94DB75B08E007D16 /* Pods_WWEMobile.framework */,
				69E1C8464EE401E5E0914053 /* Pods_WWEMobile_WWEMobileTests.framework */,
			);
			name = Frameworks;
			sourceTree = "<group>";
		};
		58A3B1B710839E5E4D338BD1 /* Pods */ = {
			isa = PBXGroup;
			children = (
				BDB94A2C1FB4F5D3935FF285 /* Pods-WWEMobile.debug.xcconfig */,
				C872BCFE96D86B1E35C2D387 /* Pods-WWEMobile.release.xcconfig */,
				F3E694B80A9B1722A73EE9EA /* Pods-WWEMobile-WWEMobileTests.debug.xcconfig */,
				4307E4B0A0F25489A95A7821 /* Pods-WWEMobile-WWEMobileTests.release.xcconfig */,
			);
			name = Pods;
			sourceTree = "<group>";
		};
/* End PBXGroup section */

/* Begin PBXNativeTarget section */
		26CFC7E11F4F6DEA00A17AFD /* WWEMobile */ = {
			isa = PBXNativeTarget;
			buildConfigurationList = 26CFC7FF1F4F6DEA00A17AFD /* Build configuration list for PBXNativeTarget "WWEMobile" */;
			buildPhases = (
				A1EC9DDBCA1ADE17B11F7601 /* [CP] Check Pods Manifest.lock */,
				26CFC7DE1F4F6DEA00A17AFD /* Sources */,
				26CFC7DF1F4F6DEA00A17AFD /* Frameworks */,
				26CFC7E01F4F6DEA00A17AFD /* Resources */,
				31F91C69C9DE53E2EAD6C4B8 /* [CP] Embed Pods Frameworks */,
				FEEFDC5B74FD87DB7999D7AD /* [CP] Copy Pods Resources */,
			);
			buildRules = (
			);
			dependencies = (
			);
			name = WWEMobile;
			productName = WWEMobile;
			productReference = 26CFC7E21F4F6DEA00A17AFD /* WWEMobile.app */;
			productType = "com.apple.product-type.application";
		};
		26CFC7F51F4F6DEA00A17AFD /* WWEMobileTests */ = {
			isa = PBXNativeTarget;
			buildConfigurationList = 26CFC8021F4F6DEA00A17AFD /* Build configuration list for PBXNativeTarget "WWEMobileTests" */;
			buildPhases = (
				2B2A8482C30AFF083D87AD0B /* [CP] Check Pods Manifest.lock */,
				26CFC7F21F4F6DEA00A17AFD /* Sources */,
				26CFC7F31F4F6DEA00A17AFD /* Frameworks */,
				26CFC7F41F4F6DEA00A17AFD /* Resources */,
				530BFA3C8E4EC1AC0D1CFA45 /* [CP] Embed Pods Frameworks */,
				14C2B3EDA6AED89A73FE139B /* [CP] Copy Pods Resources */,
			);
			buildRules = (
			);
			dependencies = (
				26CFC7F81F4F6DEA00A17AFD /* PBXTargetDependency */,
			);
			name = WWEMobileTests;
			productName = WWEMobileTests;
			productReference = 26CFC7F61F4F6DEA00A17AFD /* WWEMobileTests.xctest */;
			productType = "com.apple.product-type.bundle.unit-test";
		};
/* End PBXNativeTarget section */

/* Begin PBXProject section */
		26CFC7DA1F4F6DEA00A17AFD /* Project object */ = {
			isa = PBXProject;
			attributes = {
				LastSwiftUpdateCheck = 0830;
				LastUpgradeCheck = 0830;
				ORGANIZATIONNAME = "Spark Digital";
				TargetAttributes = {
					26CFC7E11F4F6DEA00A17AFD = {
						CreatedOnToolsVersion = 8.3.3;
						DevelopmentTeam = VXBU7JZRFH;
						ProvisioningStyle = Automatic;
					};
					26CFC7F51F4F6DEA00A17AFD = {
						CreatedOnToolsVersion = 8.3.3;
						ProvisioningStyle = Automatic;
						TestTargetID = 26CFC7E11F4F6DEA00A17AFD;
					};
				};
			};
			buildConfigurationList = 26CFC7DD1F4F6DEA00A17AFD /* Build configuration list for PBXProject "WWEMobile" */;
			compatibilityVersion = "Xcode 3.2";
			developmentRegion = English;
			hasScannedForEncodings = 0;
			knownRegions = (
				en,
				Base,
			);
			mainGroup = 26CFC7D91F4F6DEA00A17AFD;
			productRefGroup = 26CFC7E31F4F6DEA00A17AFD /* Products */;
			projectDirPath = "";
			projectRoot = "";
			targets = (
				26CFC7E11F4F6DEA00A17AFD /* WWEMobile */,
				26CFC7F51F4F6DEA00A17AFD /* WWEMobileTests */,
			);
		};
/* End PBXProject section */

/* Begin PBXResourcesBuildPhase section */
		26CFC7E01F4F6DEA00A17AFD /* Resources */ = {
			isa = PBXResourcesBuildPhase;
			buildActionMask = 2147483647;
			files = (
				26AED4AB1F50CFB4000C9BD7 /* Roboto-Thin.ttf in Resources */,
				26AED4A81F50CFB4000C9BD7 /* Roboto-Medium.ttf in Resources */,
				26AED4A41F50CFB4000C9BD7 /* Roboto-BoldItalic.ttf in Resources */,
				26AED4721F50AEEA000C9BD7 /* wwe-logo.png in Resources */,
				26AED4A71F50CFB4000C9BD7 /* Roboto-LightItalic.ttf in Resources */,
				26AED4A91F50CFB4000C9BD7 /* Roboto-MediumItalic.ttf in Resources */,
				26CFC7F01F4F6DEA00A17AFD /* LaunchScreen.storyboard in Resources */,
				26AED4A61F50CFB4000C9BD7 /* Roboto-Light.ttf in Resources */,
				26CFC7ED1F4F6DEA00A17AFD /* Assets.xcassets in Resources */,
				26AED4A21F50CFB4000C9BD7 /* Roboto-BlackItalic.ttf in Resources */,
				26AED4AC1F50CFB4000C9BD7 /* Roboto-ThinItalic.ttf in Resources */,
				26AED4A01F50CFB4000C9BD7 /* LICENSE.txt in Resources */,
				26CFC7EB1F4F6DEA00A17AFD /* Main.storyboard in Resources */,
				26AED4A51F50CFB4000C9BD7 /* Roboto-Italic.ttf in Resources */,
				26AED4AA1F50CFB4000C9BD7 /* Roboto-Regular.ttf in Resources */,
				26AED4A31F50CFB4000C9BD7 /* Roboto-Bold.ttf in Resources */,
				26AED4A11F50CFB4000C9BD7 /* Roboto-Black.ttf in Resources */,
			);
			runOnlyForDeploymentPostprocessing = 0;
		};
		26CFC7F41F4F6DEA00A17AFD /* Resources */ = {
			isa = PBXResourcesBuildPhase;
			buildActionMask = 2147483647;
			files = (
				26AED4B71F553479000C9BD7 /* Video_2.json in Resources */,
				26AED4B61F553479000C9BD7 /* Video_1.json in Resources */,
			);
			runOnlyForDeploymentPostprocessing = 0;
		};
/* End PBXResourcesBuildPhase section */

/* Begin PBXShellScriptBuildPhase section */
		14C2B3EDA6AED89A73FE139B /* [CP] Copy Pods Resources */ = {
			isa = PBXShellScriptBuildPhase;
			buildActionMask = 2147483647;
			files = (
			);
			inputPaths = (
			);
			name = "[CP] Copy Pods Resources";
			outputPaths = (
			);
			runOnlyForDeploymentPostprocessing = 0;
			shellPath = /bin/sh;
			shellScript = "\"${SRCROOT}/Pods/Target Support Files/Pods-WWEMobile-WWEMobileTests/Pods-WWEMobile-WWEMobileTests-resources.sh\"\n";
			showEnvVarsInLog = 0;
		};
		2B2A8482C30AFF083D87AD0B /* [CP] Check Pods Manifest.lock */ = {
			isa = PBXShellScriptBuildPhase;
			buildActionMask = 2147483647;
			files = (
			);
			inputPaths = (
				"${PODS_PODFILE_DIR_PATH}/Podfile.lock",
				"${PODS_ROOT}/Manifest.lock",
			);
			name = "[CP] Check Pods Manifest.lock";
			outputPaths = (
				"$(DERIVED_FILE_DIR)/Pods-WWEMobile-WWEMobileTests-checkManifestLockResult.txt",
			);
			runOnlyForDeploymentPostprocessing = 0;
			shellPath = /bin/sh;
			shellScript = "diff \"${PODS_PODFILE_DIR_PATH}/Podfile.lock\" \"${PODS_ROOT}/Manifest.lock\" > /dev/null\nif [ $? != 0 ] ; then\n    # print error to STDERR\n    echo \"error: The sandbox is not in sync with the Podfile.lock. Run 'pod install' or update your CocoaPods installation.\" >&2\n    exit 1\nfi\n# This output is used by Xcode 'outputs' to avoid re-running this script phase.\necho \"SUCCESS\" > \"${SCRIPT_OUTPUT_FILE_0}\"\n";
			showEnvVarsInLog = 0;
		};
		31F91C69C9DE53E2EAD6C4B8 /* [CP] Embed Pods Frameworks */ = {
			isa = PBXShellScriptBuildPhase;
			buildActionMask = 2147483647;
			files = (
			);
			inputPaths = (
				"${SRCROOT}/Pods/Target Support Files/Pods-WWEMobile/Pods-WWEMobile-frameworks.sh",
				"${BUILT_PRODUCTS_DIR}/Alamofire/Alamofire.framework",
				"${BUILT_PRODUCTS_DIR}/AlamofireImage/AlamofireImage.framework",
				"${BUILT_PRODUCTS_DIR}/Realm/Realm.framework",
				"${BUILT_PRODUCTS_DIR}/RealmSwift/RealmSwift.framework",
				"${BUILT_PRODUCTS_DIR}/SDWebImage/SDWebImage.framework",
				"${BUILT_PRODUCTS_DIR}/SwiftKeychainWrapper/SwiftKeychainWrapper.framework",
				"${BUILT_PRODUCTS_DIR}/SwiftyJSON/SwiftyJSON.framework",
			);
			name = "[CP] Embed Pods Frameworks";
			outputPaths = (
				"${TARGET_BUILD_DIR}/${FRAMEWORKS_FOLDER_PATH}/Alamofire.framework",
				"${TARGET_BUILD_DIR}/${FRAMEWORKS_FOLDER_PATH}/AlamofireImage.framework",
				"${TARGET_BUILD_DIR}/${FRAMEWORKS_FOLDER_PATH}/Realm.framework",
				"${TARGET_BUILD_DIR}/${FRAMEWORKS_FOLDER_PATH}/RealmSwift.framework",
				"${TARGET_BUILD_DIR}/${FRAMEWORKS_FOLDER_PATH}/SDWebImage.framework",
				"${TARGET_BUILD_DIR}/${FRAMEWORKS_FOLDER_PATH}/SwiftKeychainWrapper.framework",
				"${TARGET_BUILD_DIR}/${FRAMEWORKS_FOLDER_PATH}/SwiftyJSON.framework",
			);
			runOnlyForDeploymentPostprocessing = 0;
			shellPath = /bin/sh;
			shellScript = "\"${SRCROOT}/Pods/Target Support Files/Pods-WWEMobile/Pods-WWEMobile-frameworks.sh\"\n";
			showEnvVarsInLog = 0;
		};
		530BFA3C8E4EC1AC0D1CFA45 /* [CP] Embed Pods Frameworks */ = {
			isa = PBXShellScriptBuildPhase;
			buildActionMask = 2147483647;
			files = (
			);
			inputPaths = (
				"${SRCROOT}/Pods/Target Support Files/Pods-WWEMobile-WWEMobileTests/Pods-WWEMobile-WWEMobileTests-frameworks.sh",
				"${BUILT_PRODUCTS_DIR}/Alamofire/Alamofire.framework",
				"${BUILT_PRODUCTS_DIR}/AlamofireImage/AlamofireImage.framework",
				"${BUILT_PRODUCTS_DIR}/Realm/Realm.framework",
				"${BUILT_PRODUCTS_DIR}/RealmSwift/RealmSwift.framework",
				"${BUILT_PRODUCTS_DIR}/SDWebImage/SDWebImage.framework",
				"${BUILT_PRODUCTS_DIR}/SwiftKeychainWrapper/SwiftKeychainWrapper.framework",
				"${BUILT_PRODUCTS_DIR}/SwiftyJSON/SwiftyJSON.framework",
			);
			name = "[CP] Embed Pods Frameworks";
			outputPaths = (
				"${TARGET_BUILD_DIR}/${FRAMEWORKS_FOLDER_PATH}/Alamofire.framework",
				"${TARGET_BUILD_DIR}/${FRAMEWORKS_FOLDER_PATH}/AlamofireImage.framework",
				"${TARGET_BUILD_DIR}/${FRAMEWORKS_FOLDER_PATH}/Realm.framework",
				"${TARGET_BUILD_DIR}/${FRAMEWORKS_FOLDER_PATH}/RealmSwift.framework",
				"${TARGET_BUILD_DIR}/${FRAMEWORKS_FOLDER_PATH}/SDWebImage.framework",
				"${TARGET_BUILD_DIR}/${FRAMEWORKS_FOLDER_PATH}/SwiftKeychainWrapper.framework",
				"${TARGET_BUILD_DIR}/${FRAMEWORKS_FOLDER_PATH}/SwiftyJSON.framework",
			);
			runOnlyForDeploymentPostprocessing = 0;
			shellPath = /bin/sh;
			shellScript = "\"${SRCROOT}/Pods/Target Support Files/Pods-WWEMobile-WWEMobileTests/Pods-WWEMobile-WWEMobileTests-frameworks.sh\"\n";
			showEnvVarsInLog = 0;
		};
		A1EC9DDBCA1ADE17B11F7601 /* [CP] Check Pods Manifest.lock */ = {
			isa = PBXShellScriptBuildPhase;
			buildActionMask = 2147483647;
			files = (
			);
			inputPaths = (
				"${PODS_PODFILE_DIR_PATH}/Podfile.lock",
				"${PODS_ROOT}/Manifest.lock",
			);
			name = "[CP] Check Pods Manifest.lock";
			outputPaths = (
				"$(DERIVED_FILE_DIR)/Pods-WWEMobile-checkManifestLockResult.txt",
			);
			runOnlyForDeploymentPostprocessing = 0;
			shellPath = /bin/sh;
			shellScript = "diff \"${PODS_PODFILE_DIR_PATH}/Podfile.lock\" \"${PODS_ROOT}/Manifest.lock\" > /dev/null\nif [ $? != 0 ] ; then\n    # print error to STDERR\n    echo \"error: The sandbox is not in sync with the Podfile.lock. Run 'pod install' or update your CocoaPods installation.\" >&2\n    exit 1\nfi\n# This output is used by Xcode 'outputs' to avoid re-running this script phase.\necho \"SUCCESS\" > \"${SCRIPT_OUTPUT_FILE_0}\"\n";
			showEnvVarsInLog = 0;
		};
		FEEFDC5B74FD87DB7999D7AD /* [CP] Copy Pods Resources */ = {
			isa = PBXShellScriptBuildPhase;
			buildActionMask = 2147483647;
			files = (
			);
			inputPaths = (
			);
			name = "[CP] Copy Pods Resources";
			outputPaths = (
			);
			runOnlyForDeploymentPostprocessing = 0;
			shellPath = /bin/sh;
			shellScript = "\"${SRCROOT}/Pods/Target Support Files/Pods-WWEMobile/Pods-WWEMobile-resources.sh\"\n";
			showEnvVarsInLog = 0;
		};
/* End PBXShellScriptBuildPhase section */

/* Begin PBXSourcesBuildPhase section */
		26CFC7DE1F4F6DEA00A17AFD /* Sources */ = {
			isa = PBXSourcesBuildPhase;
			buildActionMask = 2147483647;
			files = (
				26722F981F61A2E9003B641E /* WWEVideoTag.swift in Sources */,
				26722F971F61A2E0003B641E /* WWEVideo.swift in Sources */,
				26722F961F61A2DB003B641E /* WWEVideoFormat.swift in Sources */,
				26722F951F61A2D5003B641E /* WWEUser.swift in Sources */,
				26722F941F61A2CF003B641E /* WWEFeed.swift in Sources */,
				265CE9F11F58A296001823B9 /* WWESessionManager.swift in Sources */,
				26AED4611F509334000C9BD7 /* WWEVideoManager.swift in Sources */,
				26AED46C1F50A963000C9BD7 /* VideosDataSource.swift in Sources */,
				26AED4B11F550EC5000C9BD7 /* PlayerView.swift in Sources */,
				265CE9F51F58AAD7001823B9 /* KeychainPasswordItem.swift in Sources */,
				26AED4751F50B004000C9BD7 /* VideoCell.swift in Sources */,
				26AED4541F508711000C9BD7 /* NetworkManager.swift in Sources */,
				26AED45D1F5090A3000C9BD7 /* DBManager.swift in Sources */,
				26AED46E1F50AA66000C9BD7 /* VideoFeedCollectionViewController.swift in Sources */,
				26AED45A1F5088CC000C9BD7 /* WWEConfiguration.swift in Sources */,
				265CE9EA1F589B51001823B9 /* LoginViewController.swift in Sources */,
				26AED4571F5088AB000C9BD7 /* WWEDefines.swift in Sources */,
				26AED4691F50961A000C9BD7 /* NetworkService.swift in Sources */,
				26CFC7E61F4F6DEA00A17AFD /* AppDelegate.swift in Sources */,
			);
			runOnlyForDeploymentPostprocessing = 0;
		};
		26CFC7F21F4F6DEA00A17AFD /* Sources */ = {
			isa = PBXSourcesBuildPhase;
			buildActionMask = 2147483647;
			files = (
				26722F991F61A697003B641E /* WWEVideoTest.swift in Sources */,
				26AED4AE1F54B81E000C9BD7 /* NetworkManagerTest.swift in Sources */,
			);
			runOnlyForDeploymentPostprocessing = 0;
		};
/* End PBXSourcesBuildPhase section */

/* Begin PBXTargetDependency section */
		26CFC7F81F4F6DEA00A17AFD /* PBXTargetDependency */ = {
			isa = PBXTargetDependency;
			target = 26CFC7E11F4F6DEA00A17AFD /* WWEMobile */;
			targetProxy = 26CFC7F71F4F6DEA00A17AFD /* PBXContainerItemProxy */;
		};
/* End PBXTargetDependency section */

/* Begin PBXVariantGroup section */
		26CFC7E91F4F6DEA00A17AFD /* Main.storyboard */ = {
			isa = PBXVariantGroup;
			children = (
				26CFC7EA1F4F6DEA00A17AFD /* Base */,
			);
			name = Main.storyboard;
			sourceTree = "<group>";
		};
		26CFC7EE1F4F6DEA00A17AFD /* LaunchScreen.storyboard */ = {
			isa = PBXVariantGroup;
			children = (
				26CFC7EF1F4F6DEA00A17AFD /* Base */,
			);
			name = LaunchScreen.storyboard;
			sourceTree = "<group>";
		};
/* End PBXVariantGroup section */

/* Begin XCBuildConfiguration section */
		26CFC7FD1F4F6DEA00A17AFD /* Debug */ = {
			isa = XCBuildConfiguration;
			buildSettings = {
				ALWAYS_SEARCH_USER_PATHS = NO;
				CLANG_ANALYZER_NONNULL = YES;
				CLANG_ANALYZER_NUMBER_OBJECT_CONVERSION = YES_AGGRESSIVE;
				CLANG_CXX_LANGUAGE_STANDARD = "gnu++0x";
				CLANG_CXX_LIBRARY = "libc++";
				CLANG_ENABLE_MODULES = YES;
				CLANG_ENABLE_OBJC_ARC = YES;
				CLANG_WARN_BOOL_CONVERSION = YES;
				CLANG_WARN_CONSTANT_CONVERSION = YES;
				CLANG_WARN_DIRECT_OBJC_ISA_USAGE = YES_ERROR;
				CLANG_WARN_DOCUMENTATION_COMMENTS = YES;
				CLANG_WARN_EMPTY_BODY = YES;
				CLANG_WARN_ENUM_CONVERSION = YES;
				CLANG_WARN_INFINITE_RECURSION = YES;
				CLANG_WARN_INT_CONVERSION = YES;
				CLANG_WARN_OBJC_ROOT_CLASS = YES_ERROR;
				CLANG_WARN_SUSPICIOUS_MOVE = YES;
				CLANG_WARN_UNREACHABLE_CODE = YES;
				CLANG_WARN__DUPLICATE_METHOD_MATCH = YES;
				"CODE_SIGN_IDENTITY[sdk=iphoneos*]" = "iPhone Developer";
				COPY_PHASE_STRIP = NO;
				DEBUG_INFORMATION_FORMAT = dwarf;
				ENABLE_STRICT_OBJC_MSGSEND = YES;
				ENABLE_TESTABILITY = YES;
				GCC_C_LANGUAGE_STANDARD = gnu99;
				GCC_DYNAMIC_NO_PIC = NO;
				GCC_NO_COMMON_BLOCKS = YES;
				GCC_OPTIMIZATION_LEVEL = 0;
				GCC_PREPROCESSOR_DEFINITIONS = (
					"DEBUG=1",
					"$(inherited)",
				);
				GCC_WARN_64_TO_32_BIT_CONVERSION = YES;
				GCC_WARN_ABOUT_RETURN_TYPE = YES_ERROR;
				GCC_WARN_UNDECLARED_SELECTOR = YES;
				GCC_WARN_UNINITIALIZED_AUTOS = YES_AGGRESSIVE;
				GCC_WARN_UNUSED_FUNCTION = YES;
				GCC_WARN_UNUSED_VARIABLE = YES;
				IPHONEOS_DEPLOYMENT_TARGET = 10.3;
				MTL_ENABLE_DEBUG_INFO = YES;
				ONLY_ACTIVE_ARCH = YES;
				SDKROOT = iphoneos;
				SWIFT_ACTIVE_COMPILATION_CONDITIONS = DEBUG;
				SWIFT_OPTIMIZATION_LEVEL = "-Onone";
			};
			name = Debug;
		};
		26CFC7FE1F4F6DEA00A17AFD /* Release */ = {
			isa = XCBuildConfiguration;
			buildSettings = {
				ALWAYS_SEARCH_USER_PATHS = NO;
				CLANG_ANALYZER_NONNULL = YES;
				CLANG_ANALYZER_NUMBER_OBJECT_CONVERSION = YES_AGGRESSIVE;
				CLANG_CXX_LANGUAGE_STANDARD = "gnu++0x";
				CLANG_CXX_LIBRARY = "libc++";
				CLANG_ENABLE_MODULES = YES;
				CLANG_ENABLE_OBJC_ARC = YES;
				CLANG_WARN_BOOL_CONVERSION = YES;
				CLANG_WARN_CONSTANT_CONVERSION = YES;
				CLANG_WARN_DIRECT_OBJC_ISA_USAGE = YES_ERROR;
				CLANG_WARN_DOCUMENTATION_COMMENTS = YES;
				CLANG_WARN_EMPTY_BODY = YES;
				CLANG_WARN_ENUM_CONVERSION = YES;
				CLANG_WARN_INFINITE_RECURSION = YES;
				CLANG_WARN_INT_CONVERSION = YES;
				CLANG_WARN_OBJC_ROOT_CLASS = YES_ERROR;
				CLANG_WARN_SUSPICIOUS_MOVE = YES;
				CLANG_WARN_UNREACHABLE_CODE = YES;
				CLANG_WARN__DUPLICATE_METHOD_MATCH = YES;
				"CODE_SIGN_IDENTITY[sdk=iphoneos*]" = "iPhone Developer";
				COPY_PHASE_STRIP = NO;
				DEBUG_INFORMATION_FORMAT = "dwarf-with-dsym";
				ENABLE_NS_ASSERTIONS = NO;
				ENABLE_STRICT_OBJC_MSGSEND = YES;
				GCC_C_LANGUAGE_STANDARD = gnu99;
				GCC_NO_COMMON_BLOCKS = YES;
				GCC_WARN_64_TO_32_BIT_CONVERSION = YES;
				GCC_WARN_ABOUT_RETURN_TYPE = YES_ERROR;
				GCC_WARN_UNDECLARED_SELECTOR = YES;
				GCC_WARN_UNINITIALIZED_AUTOS = YES_AGGRESSIVE;
				GCC_WARN_UNUSED_FUNCTION = YES;
				GCC_WARN_UNUSED_VARIABLE = YES;
				IPHONEOS_DEPLOYMENT_TARGET = 10.3;
				MTL_ENABLE_DEBUG_INFO = NO;
				SDKROOT = iphoneos;
				SWIFT_OPTIMIZATION_LEVEL = "-Owholemodule";
				VALIDATE_PRODUCT = YES;
			};
			name = Release;
		};
		26CFC8001F4F6DEA00A17AFD /* Debug */ = {
			isa = XCBuildConfiguration;
			baseConfigurationReference = BDB94A2C1FB4F5D3935FF285 /* Pods-WWEMobile.debug.xcconfig */;
			buildSettings = {
				ASSETCATALOG_COMPILER_APPICON_NAME = AppIcon;
				DEVELOPMENT_TEAM = VXBU7JZRFH;
				INFOPLIST_FILE = WWEMobile/Info.plist;
				IPHONEOS_DEPLOYMENT_TARGET = 10.0;
				LD_RUNPATH_SEARCH_PATHS = "$(inherited) @executable_path/Frameworks";
				PRODUCT_BUNDLE_IDENTIFIER = com.sparkdigital.WWEMobile;
				PRODUCT_NAME = "$(TARGET_NAME)";
				SWIFT_VERSION = 3.0;
			};
			name = Debug;
		};
		26CFC8011F4F6DEA00A17AFD /* Release */ = {
			isa = XCBuildConfiguration;
			baseConfigurationReference = C872BCFE96D86B1E35C2D387 /* Pods-WWEMobile.release.xcconfig */;
			buildSettings = {
				ASSETCATALOG_COMPILER_APPICON_NAME = AppIcon;
				DEVELOPMENT_TEAM = VXBU7JZRFH;
				INFOPLIST_FILE = WWEMobile/Info.plist;
				IPHONEOS_DEPLOYMENT_TARGET = 10.0;
				LD_RUNPATH_SEARCH_PATHS = "$(inherited) @executable_path/Frameworks";
				PRODUCT_BUNDLE_IDENTIFIER = com.sparkdigital.WWEMobile;
				PRODUCT_NAME = "$(TARGET_NAME)";
				SWIFT_VERSION = 3.0;
			};
			name = Release;
		};
		26CFC8031F4F6DEA00A17AFD /* Debug */ = {
			isa = XCBuildConfiguration;
			baseConfigurationReference = F3E694B80A9B1722A73EE9EA /* Pods-WWEMobile-WWEMobileTests.debug.xcconfig */;
			buildSettings = {
				BUNDLE_LOADER = "$(TEST_HOST)";
				INFOPLIST_FILE = WWEMobileTests/Info.plist;
				LD_RUNPATH_SEARCH_PATHS = "$(inherited) @executable_path/Frameworks @loader_path/Frameworks";
				PRODUCT_BUNDLE_IDENTIFIER = com.sparkdigital.WWEMobileTests;
				PRODUCT_NAME = "$(TARGET_NAME)";
				SWIFT_VERSION = 3.0;
				TEST_HOST = "$(BUILT_PRODUCTS_DIR)/WWEMobile.app/WWEMobile";
			};
			name = Debug;
		};
		26CFC8041F4F6DEA00A17AFD /* Release */ = {
			isa = XCBuildConfiguration;
			baseConfigurationReference = 4307E4B0A0F25489A95A7821 /* Pods-WWEMobile-WWEMobileTests.release.xcconfig */;
			buildSettings = {
				BUNDLE_LOADER = "$(TEST_HOST)";
				INFOPLIST_FILE = WWEMobileTests/Info.plist;
				LD_RUNPATH_SEARCH_PATHS = "$(inherited) @executable_path/Frameworks @loader_path/Frameworks";
				PRODUCT_BUNDLE_IDENTIFIER = com.sparkdigital.WWEMobileTests;
				PRODUCT_NAME = "$(TARGET_NAME)";
				SWIFT_VERSION = 3.0;
				TEST_HOST = "$(BUILT_PRODUCTS_DIR)/WWEMobile.app/WWEMobile";
			};
			name = Release;
		};
/* End XCBuildConfiguration section */

/* Begin XCConfigurationList section */
		26CFC7DD1F4F6DEA00A17AFD /* Build configuration list for PBXProject "WWEMobile" */ = {
			isa = XCConfigurationList;
			buildConfigurations = (
				26CFC7FD1F4F6DEA00A17AFD /* Debug */,
				26CFC7FE1F4F6DEA00A17AFD /* Release */,
			);
			defaultConfigurationIsVisible = 0;
			defaultConfigurationName = Release;
		};
		26CFC7FF1F4F6DEA00A17AFD /* Build configuration list for PBXNativeTarget "WWEMobile" */ = {
			isa = XCConfigurationList;
			buildConfigurations = (
				26CFC8001F4F6DEA00A17AFD /* Debug */,
				26CFC8011F4F6DEA00A17AFD /* Release */,
			);
			defaultConfigurationIsVisible = 0;
			defaultConfigurationName = Release;
		};
		26CFC8021F4F6DEA00A17AFD /* Build configuration list for PBXNativeTarget "WWEMobileTests" */ = {
			isa = XCConfigurationList;
			buildConfigurations = (
				26CFC8031F4F6DEA00A17AFD /* Debug */,
				26CFC8041F4F6DEA00A17AFD /* Release */,
			);
			defaultConfigurationIsVisible = 0;
			defaultConfigurationName = Release;
		};
/* End XCConfigurationList section */
	};
	rootObject = 26CFC7DA1F4F6DEA00A17AFD /* Project object */;
}
