// !$*UTF8*$!
{
	archiveVersion = 1;
	classes = {
	};
	objectVersion = 46;
	objects = {

/* Begin PBXBuildFile section */
		26CFC7E61F4F6DEA00A17AFD /* AppDelegate.swift in Sources */ = {isa = PBXBuildFile; fileRef = 26CFC7E51F4F6DEA00A17AFD /* AppDelegate.swift */; };
		26CFC7E81F4F6DEA00A17AFD /* ViewController.swift in Sources */ = {isa = PBXBuildFile; fileRef = 26CFC7E71F4F6DEA00A17AFD /* ViewController.swift */; };
		26CFC7EB1F4F6DEA00A17AFD /* Main.storyboard in Resources */ = {isa = PBXBuildFile; fileRef = 26CFC7E91F4F6DEA00A17AFD /* Main.storyboard */; };
		26CFC7ED1F4F6DEA00A17AFD /* Assets.xcassets in Resources */ = {isa = PBXBuildFile; fileRef = 26CFC7EC1F4F6DEA00A17AFD /* Assets.xcassets */; };
		26CFC7F01F4F6DEA00A17AFD /* LaunchScreen.storyboard in Resources */ = {isa = PBXBuildFile; fileRef = 26CFC7EE1F4F6DEA00A17AFD /* LaunchScreen.storyboard */; };
		26CFC7FB1F4F6DEA00A17AFD /* WWEMobileTests.swift in Sources */ = {isa = PBXBuildFile; fileRef = 26CFC7FA1F4F6DEA00A17AFD /* WWEMobileTests.swift */; };
/* End PBXBuildFile section */

/* Begin PBXContainerItemProxy section */
		26CFC7F71F4F6DEA00A17AFD /* PBXContainerItemProxy */ = {
			isa = PBXContainerItemProxy;
			containerPortal = 26CFC7DA1F4F6DEA00A17AFD /* Project object */;
			proxyType = 1;
			remoteGlobalIDString = 26CFC7E11F4F6DEA00A17AFD;
			remoteInfo = WWEMobile;
		};
/* End PBXContainerItemProxy section */

/* Begin PBXFileReference section */
		26CFC7E21F4F6DEA00A17AFD /* WWEMobile.app */ = {isa = PBXFileReference; explicitFileType = wrapper.application; includeInIndex = 0; path = WWEMobile.app; sourceTree = BUILT_PRODUCTS_DIR; };
		26CFC7E51F4F6DEA00A17AFD /* AppDelegate.swift */ = {isa = PBXFileReference; lastKnownFileType = sourcecode.swift; path = AppDelegate.swift; sourceTree = "<group>"; };
		26CFC7E71F4F6DEA00A17AFD /* ViewController.swift */ = {isa = PBXFileReference; lastKnownFileType = sourcecode.swift; path = ViewController.swift; sourceTree = "<group>"; };
		26CFC7EA1F4F6DEA00A17AFD /* Base */ = {isa = PBXFileReference; lastKnownFileType = file.storyboard; name = Base; path = Base.lproj/Main.storyboard; sourceTree = "<group>"; };
		26CFC7EC1F4F6DEA00A17AFD /* Assets.xcassets */ = {isa = PBXFileReference; lastKnownFileType = folder.assetcatalog; path = Assets.xcassets; sourceTree = "<group>"; };
		26CFC7EF1F4F6DEA00A17AFD /* Base */ = {isa = PBXFileReference; lastKnownFileType = file.storyboard; name = Base; path = Base.lproj/LaunchScreen.storyboard; sourceTree = "<group>"; };
		26CFC7F11F4F6DEA00A17AFD /* Info.plist */ = {isa = PBXFileReference; lastKnownFileType = text.plist.xml; path = Info.plist; sourceTree = "<group>"; };
		26CFC7F61F4F6DEA00A17AFD /* WWEMobileTests.xctest */ = {isa = PBXFileReference; explicitFileType = wrapper.cfbundle; includeInIndex = 0; path = WWEMobileTests.xctest; sourceTree = BUILT_PRODUCTS_DIR; };
		26CFC7FA1F4F6DEA00A17AFD /* WWEMobileTests.swift */ = {isa = PBXFileReference; lastKnownFileType = sourcecode.swift; path = WWEMobileTests.swift; sourceTree = "<group>"; };
		26CFC7FC1F4F6DEA00A17AFD /* Info.plist */ = {isa = PBXFileReference; lastKnownFileType = text.plist.xml; path = Info.plist; sourceTree = "<group>"; };
/* End PBXFileReference section */

/* Begin PBXFrameworksBuildPhase section */
		26CFC7DF1F4F6DEA00A17AFD /* Frameworks */ = {
			isa = PBXFrameworksBuildPhase;
			buildActionMask = 2147483647;
			files = (
			);
			runOnlyForDeploymentPostprocessing = 0;
		};
		26CFC7F31F4F6DEA00A17AFD /* Frameworks */ = {
			isa = PBXFrameworksBuildPhase;
			buildActionMask = 2147483647;
			files = (
			);
			runOnlyForDeploymentPostprocessing = 0;
		};
/* End PBXFrameworksBuildPhase section */

/* Begin PBXGroup section */
		26CFC7D91F4F6DEA00A17AFD = {
			isa = PBXGroup;
			children = (
				26CFC7E41F4F6DEA00A17AFD /* WWEMobile */,
				26CFC7F91F4F6DEA00A17AFD /* WWEMobileTests */,
				26CFC7E31F4F6DEA00A17AFD /* Products */,
			);
			sourceTree = "<group>";
		};
		26CFC7E31F4F6DEA00A17AFD /* Products */ = {
			isa = PBXGroup;
			children = (
				26CFC7E21F4F6DEA00A17AFD /* WWEMobile.app */,
				26CFC7F61F4F6DEA00A17AFD /* WWEMobileTests.xctest */,
			);
			name = Products;
			sourceTree = "<group>";
		};
		26CFC7E41F4F6DEA00A17AFD /* WWEMobile */ = {
			isa = PBXGroup;
			children = (
				26CFC7E51F4F6DEA00A17AFD /* AppDelegate.swift */,
				26CFC7E71F4F6DEA00A17AFD /* ViewController.swift */,
				26CFC7E91F4F6DEA00A17AFD /* Main.storyboard */,
				26CFC7EC1F4F6DEA00A17AFD /* Assets.xcassets */,
				26CFC7EE1F4F6DEA00A17AFD /* LaunchScreen.storyboard */,
				26CFC7F11F4F6DEA00A17AFD /* Info.plist */,
			);
			path = WWEMobile;
			sourceTree = "<group>";
		};
		26CFC7F91F4F6DEA00A17AFD /* WWEMobileTests */ = {
			isa = PBXGroup;
			children = (
				26CFC7FA1F4F6DEA00A17AFD /* WWEMobileTests.swift */,
				26CFC7FC1F4F6DEA00A17AFD /* Info.plist */,
			);
			path = WWEMobileTests;
			sourceTree = "<group>";
		};
/* End PBXGroup section */

/* Begin PBXNativeTarget section */
		26CFC7E11F4F6DEA00A17AFD /* WWEMobile */ = {
			isa = PBXNativeTarget;
			buildConfigurationList = 26CFC7FF1F4F6DEA00A17AFD /* Build configuration list for PBXNativeTarget "WWEMobile" */;
			buildPhases = (
				26CFC7DE1F4F6DEA00A17AFD /* Sources */,
				26CFC7DF1F4F6DEA00A17AFD /* Frameworks */,
				26CFC7E01F4F6DEA00A17AFD /* Resources */,
			);
			buildRules = (
			);
			dependencies = (
			);
			name = WWEMobile;
			productName = WWEMobile;
			productReference = 26CFC7E21F4F6DEA00A17AFD /* WWEMobile.app */;
			productType = "com.apple.product-type.application";
		};
		26CFC7F51F4F6DEA00A17AFD /* WWEMobileTests */ = {
			isa = PBXNativeTarget;
			buildConfigurationList = 26CFC8021F4F6DEA00A17AFD /* Build configuration list for PBXNativeTarget "WWEMobileTests" */;
			buildPhases = (
				26CFC7F21F4F6DEA00A17AFD /* Sources */,
				26CFC7F31F4F6DEA00A17AFD /* Frameworks */,
				26CFC7F41F4F6DEA00A17AFD /* Resources */,
			);
			buildRules = (
			);
			dependencies = (
				26CFC7F81F4F6DEA00A17AFD /* PBXTargetDependency */,
			);
			name = WWEMobileTests;
			productName = WWEMobileTests;
			productReference = 26CFC7F61F4F6DEA00A17AFD /* WWEMobileTests.xctest */;
			productType = "com.apple.product-type.bundle.unit-test";
		};
/* End PBXNativeTarget section */

/* Begin PBXProject section */
		26CFC7DA1F4F6DEA00A17AFD /* Project object */ = {
			isa = PBXProject;
			attributes = {
				LastSwiftUpdateCheck = 0830;
				LastUpgradeCheck = 0830;
				ORGANIZATIONNAME = "Spark Digital";
				TargetAttributes = {
					26CFC7E11F4F6DEA00A17AFD = {
						CreatedOnToolsVersion = 8.3.3;
						ProvisioningStyle = Automatic;
					};
					26CFC7F51F4F6DEA00A17AFD = {
						CreatedOnToolsVersion = 8.3.3;
						ProvisioningStyle = Automatic;
						TestTargetID = 26CFC7E11F4F6DEA00A17AFD;
					};
				};
			};
			buildConfigurationList = 26CFC7DD1F4F6DEA00A17AFD /* Build configuration list for PBXProject "WWEMobile" */;
			compatibilityVersion = "Xcode 3.2";
			developmentRegion = English;
			hasScannedForEncodings = 0;
			knownRegions = (
				en,
				Base,
			);
			mainGroup = 26CFC7D91F4F6DEA00A17AFD;
			productRefGroup = 26CFC7E31F4F6DEA00A17AFD /* Products */;
			projectDirPath = "";
			projectRoot = "";
			targets = (
				26CFC7E11F4F6DEA00A17AFD /* WWEMobile */,
				26CFC7F51F4F6DEA00A17AFD /* WWEMobileTests */,
			);
		};
/* End PBXProject section */

/* Begin PBXResourcesBuildPhase section */
		26CFC7E01F4F6DEA00A17AFD /* Resources */ = {
			isa = PBXResourcesBuildPhase;
			buildActionMask = 2147483647;
			files = (
				26CFC7F01F4F6DEA00A17AFD /* LaunchScreen.storyboard in Resources */,
				26CFC7ED1F4F6DEA00A17AFD /* Assets.xcassets in Resources */,
				26CFC7EB1F4F6DEA00A17AFD /* Main.storyboard in Resources */,
			);
			runOnlyForDeploymentPostprocessing = 0;
		};
		26CFC7F41F4F6DEA00A17AFD /* Resources */ = {
			isa = PBXResourcesBuildPhase;
			buildActionMask = 2147483647;
			files = (
			);
			runOnlyForDeploymentPostprocessing = 0;
		};
/* End PBXResourcesBuildPhase section */

/* Begin PBXSourcesBuildPhase section */
		26CFC7DE1F4F6DEA00A17AFD /* Sources */ = {
			isa = PBXSourcesBuildPhase;
			buildActionMask = 2147483647;
			files = (
				26CFC7E81F4F6DEA00A17AFD /* ViewController.swift in Sources */,
				26CFC7E61F4F6DEA00A17AFD /* AppDelegate.swift in Sources */,
			);
			runOnlyForDeploymentPostprocessing = 0;
		};
		26CFC7F21F4F6DEA00A17AFD /* Sources */ = {
			isa = PBXSourcesBuildPhase;
			buildActionMask = 2147483647;
			files = (
				26CFC7FB1F4F6DEA00A17AFD /* WWEMobileTests.swift in Sources */,
			);
			runOnlyForDeploymentPostprocessing = 0;
		};
/* End PBXSourcesBuildPhase section */

/* Begin PBXTargetDependency section */
		26CFC7F81F4F6DEA00A17AFD /* PBXTargetDependency */ = {
			isa = PBXTargetDependency;
			target = 26CFC7E11F4F6DEA00A17AFD /* WWEMobile */;
			targetProxy = 26CFC7F71F4F6DEA00A17AFD /* PBXContainerItemProxy */;
		};
/* End PBXTargetDependency section */

/* Begin PBXVariantGroup section */
		26CFC7E91F4F6DEA00A17AFD /* Main.storyboard */ = {
			isa = PBXVariantGroup;
			children = (
				26CFC7EA1F4F6DEA00A17AFD /* Base */,
			);
			name = Main.storyboard;
			sourceTree = "<group>";
		};
		26CFC7EE1F4F6DEA00A17AFD /* LaunchScreen.storyboard */ = {
			isa = PBXVariantGroup;
			children = (
				26CFC7EF1F4F6DEA00A17AFD /* Base */,
			);
			name = LaunchScreen.storyboard;
			sourceTree = "<group>";
		};
/* End PBXVariantGroup section */

/* Begin XCBuildConfiguration section */
		26CFC7FD1F4F6DEA00A17AFD /* Debug */ = {
			isa = XCBuildConfiguration;
			buildSettings = {
				ALWAYS_SEARCH_USER_PATHS = NO;
				CLANG_ANALYZER_NONNULL = YES;
				CLANG_ANALYZER_NUMBER_OBJECT_CONVERSION = YES_AGGRESSIVE;
				CLANG_CXX_LANGUAGE_STANDARD = "gnu++0x";
				CLANG_CXX_LIBRARY = "libc++";
				CLANG_ENABLE_MODULES = YES;
				CLANG_ENABLE_OBJC_ARC = YES;
				CLANG_WARN_BOOL_CONVERSION = YES;
				CLANG_WARN_CONSTANT_CONVERSION = YES;
				CLANG_WARN_DIRECT_OBJC_ISA_USAGE = YES_ERROR;
				CLANG_WARN_DOCUMENTATION_COMMENTS = YES;
				CLANG_WARN_EMPTY_BODY = YES;
				CLANG_WARN_ENUM_CONVERSION = YES;
				CLANG_WARN_INFINITE_RECURSION = YES;
				CLANG_WARN_INT_CONVERSION = YES;
				CLANG_WARN_OBJC_ROOT_CLASS = YES_ERROR;
				CLANG_WARN_SUSPICIOUS_MOVE = YES;
				CLANG_WARN_UNREACHABLE_CODE = YES;
				CLANG_WARN__DUPLICATE_METHOD_MATCH = YES;
				"CODE_SIGN_IDENTITY[sdk=iphoneos*]" = "iPhone Developer";
				COPY_PHASE_STRIP = NO;
				DEBUG_INFORMATION_FORMAT = dwarf;
				ENABLE_STRICT_OBJC_MSGSEND = YES;
				ENABLE_TESTABILITY = YES;
				GCC_C_LANGUAGE_STANDARD = gnu99;
				GCC_DYNAMIC_NO_PIC = NO;
				GCC_NO_COMMON_BLOCKS = YES;
				GCC_OPTIMIZATION_LEVEL = 0;
				GCC_PREPROCESSOR_DEFINITIONS = (
					"DEBUG=1",
					"$(inherited)",
				);
				GCC_WARN_64_TO_32_BIT_CONVERSION = YES;
				GCC_WARN_ABOUT_RETURN_TYPE = YES_ERROR;
				GCC_WARN_UNDECLARED_SELECTOR = YES;
				GCC_WARN_UNINITIALIZED_AUTOS = YES_AGGRESSIVE;
				GCC_WARN_UNUSED_FUNCTION = YES;
				GCC_WARN_UNUSED_VARIABLE = YES;
				IPHONEOS_DEPLOYMENT_TARGET = 10.3;
				MTL_ENABLE_DEBUG_INFO = YES;
				ONLY_ACTIVE_ARCH = YES;
				SDKROOT = iphoneos;
				SWIFT_ACTIVE_COMPILATION_CONDITIONS = DEBUG;
				SWIFT_OPTIMIZATION_LEVEL = "-Onone";
			};
			name = Debug;
		};
		26CFC7FE1F4F6DEA00A17AFD /* Release */ = {
			isa = XCBuildConfiguration;
			buildSettings = {
				ALWAYS_SEARCH_USER_PATHS = NO;
				CLANG_ANALYZER_NONNULL = YES;
				CLANG_ANALYZER_NUMBER_OBJECT_CONVERSION = YES_AGGRESSIVE;
				CLANG_CXX_LANGUAGE_STANDARD = "gnu++0x";
				CLANG_CXX_LIBRARY = "libc++";
				CLANG_ENABLE_MODULES = YES;
				CLANG_ENABLE_OBJC_ARC = YES;
				CLANG_WARN_BOOL_CONVERSION = YES;
				CLANG_WARN_CONSTANT_CONVERSION = YES;
				CLANG_WARN_DIRECT_OBJC_ISA_USAGE = YES_ERROR;
				CLANG_WARN_DOCUMENTATION_COMMENTS = YES;
				CLANG_WARN_EMPTY_BODY = YES;
				CLANG_WARN_ENUM_CONVERSION = YES;
				CLANG_WARN_INFINITE_RECURSION = YES;
				CLANG_WARN_INT_CONVERSION = YES;
				CLANG_WARN_OBJC_ROOT_CLASS = YES_ERROR;
				CLANG_WARN_SUSPICIOUS_MOVE = YES;
				CLANG_WARN_UNREACHABLE_CODE = YES;
				CLANG_WARN__DUPLICATE_METHOD_MATCH = YES;
				"CODE_SIGN_IDENTITY[sdk=iphoneos*]" = "iPhone Developer";
				COPY_PHASE_STRIP = NO;
				DEBUG_INFORMATION_FORMAT = "dwarf-with-dsym";
				ENABLE_NS_ASSERTIONS = NO;
				ENABLE_STRICT_OBJC_MSGSEND = YES;
				GCC_C_LANGUAGE_STANDARD = gnu99;
				GCC_NO_COMMON_BLOCKS = YES;
				GCC_WARN_64_TO_32_BIT_CONVERSION = YES;
				GCC_WARN_ABOUT_RETURN_TYPE = YES_ERROR;
				GCC_WARN_UNDECLARED_SELECTOR = YES;
				GCC_WARN_UNINITIALIZED_AUTOS = YES_AGGRESSIVE;
				GCC_WARN_UNUSED_FUNCTION = YES;
				GCC_WARN_UNUSED_VARIABLE = YES;
				IPHONEOS_DEPLOYMENT_TARGET = 10.3;
				MTL_ENABLE_DEBUG_INFO = NO;
				SDKROOT = iphoneos;
				SWIFT_OPTIMIZATION_LEVEL = "-Owholemodule";
				VALIDATE_PRODUCT = YES;
			};
			name = Release;
		};
		26CFC8001F4F6DEA00A17AFD /* Debug */ = {
			isa = XCBuildConfiguration;
			buildSettings = {
				ASSETCATALOG_COMPILER_APPICON_NAME = AppIcon;
				INFOPLIST_FILE = WWEMobile/Info.plist;
				LD_RUNPATH_SEARCH_PATHS = "$(inherited) @executable_path/Frameworks";
				PRODUCT_BUNDLE_IDENTIFIER = com.sparkdigital.WWEMobile;
				PRODUCT_NAME = "$(TARGET_NAME)";
				SWIFT_VERSION = 3.0;
			};
			name = Debug;
		};
		26CFC8011F4F6DEA00A17AFD /* Release */ = {
			isa = XCBuildConfiguration;
			buildSettings = {
				ASSETCATALOG_COMPILER_APPICON_NAME = AppIcon;
				INFOPLIST_FILE = WWEMobile/Info.plist;
				LD_RUNPATH_SEARCH_PATHS = "$(inherited) @executable_path/Frameworks";
				PRODUCT_BUNDLE_IDENTIFIER = com.sparkdigital.WWEMobile;
				PRODUCT_NAME = "$(TARGET_NAME)";
				SWIFT_VERSION = 3.0;
			};
			name = Release;
		};
		26CFC8031F4F6DEA00A17AFD /* Debug */ = {
			isa = XCBuildConfiguration;
			buildSettings = {
				ALWAYS_EMBED_SWIFT_STANDARD_LIBRARIES = YES;
				BUNDLE_LOADER = "$(TEST_HOST)";
				INFOPLIST_FILE = WWEMobileTests/Info.plist;
				LD_RUNPATH_SEARCH_PATHS = "$(inherited) @executable_path/Frameworks @loader_path/Frameworks";
				PRODUCT_BUNDLE_IDENTIFIER = com.sparkdigital.WWEMobileTests;
				PRODUCT_NAME = "$(TARGET_NAME)";
				SWIFT_VERSION = 3.0;
				TEST_HOST = "$(BUILT_PRODUCTS_DIR)/WWEMobile.app/WWEMobile";
			};
			name = Debug;
		};
		26CFC8041F4F6DEA00A17AFD /* Release */ = {
			isa = XCBuildConfiguration;
			buildSettings = {
				ALWAYS_EMBED_SWIFT_STANDARD_LIBRARIES = YES;
				BUNDLE_LOADER = "$(TEST_HOST)";
				INFOPLIST_FILE = WWEMobileTests/Info.plist;
				LD_RUNPATH_SEARCH_PATHS = "$(inherited) @executable_path/Frameworks @loader_path/Frameworks";
				PRODUCT_BUNDLE_IDENTIFIER = com.sparkdigital.WWEMobileTests;
				PRODUCT_NAME = "$(TARGET_NAME)";
				SWIFT_VERSION = 3.0;
				TEST_HOST = "$(BUILT_PRODUCTS_DIR)/WWEMobile.app/WWEMobile";
			};
			name = Release;
		};
/* End XCBuildConfiguration section */

/* Begin XCConfigurationList section */
		26CFC7DD1F4F6DEA00A17AFD /* Build configuration list for PBXProject "WWEMobile" */ = {
			isa = XCConfigurationList;
			buildConfigurations = (
				26CFC7FD1F4F6DEA00A17AFD /* Debug */,
				26CFC7FE1F4F6DEA00A17AFD /* Release */,
			);
			defaultConfigurationIsVisible = 0;
			defaultConfigurationName = Release;
		};
		26CFC7FF1F4F6DEA00A17AFD /* Build configuration list for PBXNativeTarget "WWEMobile" */ = {
			isa = XCConfigurationList;
			buildConfigurations = (
				26CFC8001F4F6DEA00A17AFD /* Debug */,
				26CFC8011F4F6DEA00A17AFD /* Release */,
			);
			defaultConfigurationIsVisible = 0;
		};
		26CFC8021F4F6DEA00A17AFD /* Build configuration list for PBXNativeTarget "WWEMobileTests" */ = {
			isa = XCConfigurationList;
			buildConfigurations = (
				26CFC8031F4F6DEA00A17AFD /* Debug */,
				26CFC8041F4F6DEA00A17AFD /* Release */,
			);
			defaultConfigurationIsVisible = 0;
		};
/* End XCConfigurationList section */
	};
	rootObject = 26CFC7DA1F4F6DEA00A17AFD /* Project object */;
}
